
Microsoft Visual Studio Solution File, Format Version 12.00
# Visual Studio Version 16
VisualStudioVersion = 16.0.30907.101
MinimumVisualStudioVersion = 10.0.40219.1
Project("{FAE04EC0-301F-11D3-BF4B-00C04F79EFBC}") = "LAB2_3", "LAB2_3.csproj", "{17A59B9C-D925-4321-B4EF-3A19AC13FF01}"
EndProject
Global
	GlobalSection(SolutionConfigurationPlatforms) = preSolution
		Debug|Any CPU = Debug|Any CPU
		Release|Any CPU = Release|Any CPU
	EndGlobalSection
	GlobalSection(ProjectConfigurationPlatforms) = postSolution
		{17A59B9C-D925-4321-B4EF-3A19AC13FF01}.Debug|Any CPU.ActiveCfg = Debug|Any CPU
		{17A59B9C-D925-4321-B4EF-3A19AC13FF01}.Debug|Any CPU.Build.0 = Debug|Any CPU
		{17A59B9C-D925-4321-B4EF-3A19AC13FF01}.Release|Any CPU.ActiveCfg = Release|Any CPU
		{17A59B9C-D925-4321-B4EF-3A19AC13FF01}.Release|Any CPU.Build.0 = Release|Any CPU
	EndGlobalSection
	GlobalSection(SolutionProperties) = preSolution
		HideSolutionNode = FALSE
	EndGlobalSection
	GlobalSection(ExtensibilityGlobals) = postSolution
		SolutionGuid = {BA5F4731-E0F4-425E-8705-05C70902281C}
	EndGlobalSection
EndGlobal
